PODS:
  - Alamofire (5.9.1)
  - AppMetricaCore (5.6.0):
    - AppMetricaCoreUtils (= 5.6.0)
    - AppMetricaEncodingUtils (= 5.6.0)
    - AppMetricaFMDB (= 5.6.0)
    - AppMetricaHostState (= 5.6.0)
    - AppMetricaLog (= 5.6.0)
    - AppMetricaNetwork (= 5.6.0)
    - AppMetricaPlatform (= 5.6.0)
    - AppMetricaProtobuf (= 5.6.0)
    - AppMetricaProtobufUtils (= 5.6.0)
    - AppMetricaStorageUtils (= 5.6.0)
  - AppMetricaCoreExtension (5.6.0):
    - AppMetricaCore (= 5.6.0)
    - AppMetricaStorageUtils (= 5.6.0)
  - AppMetricaCoreUtils (5.6.0):
    - AppMetricaLog (= 5.6.0)
  - AppMetricaCrashes (5.6.0):
    - AppMetricaCore (= 5.6.0)
    - AppMetricaCoreExtension (= 5.6.0)
    - AppMetricaCoreUtils (= 5.6.0)
    - AppMetricaEncodingUtils (= 5.6.0)
    - AppMetricaHostState (= 5.6.0)
    - AppMetricaLog (= 5.6.0)
    - AppMetricaPlatform (= 5.6.0)
    - AppMetricaProtobufUtils (= 5.6.0)
    - AppMetricaStorageUtils (= 5.6.0)
    - KSCrash/Recording (~> 1.17.0)
    - KSCrash/Recording/Tools
  - AppMetricaEncodingUtils (5.6.0):
    - AppMetricaCoreUtils (= 5.6.0)
    - AppMetricaLog (= 5.6.0)
    - AppMetricaPlatform (= 5.6.0)
  - AppMetricaFMDB (5.6.0)
  - AppMetricaHostState (5.6.0):
    - AppMetricaCoreUtils (= 5.6.0)
    - AppMetricaLog (= 5.6.0)
  - AppMetricaLog (5.6.0)
  - AppMetricaNetwork (5.6.0):
    - AppMetricaCoreUtils (= 5.6.0)
    - AppMetricaLog (= 5.6.0)
    - AppMetricaPlatform (= 5.6.0)
  - AppMetricaPlatform (5.6.0):
    - AppMetricaCoreUtils (= 5.6.0)
    - AppMetricaLog (= 5.6.0)
  - AppMetricaProtobuf (5.6.0)
  - AppMetricaProtobufUtils (5.6.0):
    - AppMetricaProtobuf (= 5.6.0)
  - AppMetricaStorageUtils (5.6.0):
    - AppMetricaCoreUtils (= 5.6.0)
    - AppMetricaLog (= 5.6.0)
  - ChartboostSDK (9.7.0)
  - clever_ads_solutions (0.3.2):
    - CleverAdsSolutions-Base (~> 3.8.1)
    - Flutter
  - CleverAdsSolutions-Base (3.8.1)
  - CleverAdsSolutions-SDK/Chartboost (3.8.1):
    - ChartboostSDK (= 9.7.0)
    - CleverAdsSolutions-Base
  - CleverAdsSolutions-SDK/DTExchange (3.8.1):
    - CleverAdsSolutions-Base
    - Fyber_Marketplace_SDK (= 8.3.0)
  - CleverAdsSolutions-SDK/Families (3.8.1):
    - CleverAdsSolutions-Base (= 3.8.1)
    - CleverAdsSolutions-SDK/Chartboost (= 3.8.1)
    - CleverAdsSolutions-SDK/DTExchange (= 3.8.1)
    - CleverAdsSolutions-SDK/GoogleAds (= 3.8.1)
    - CleverAdsSolutions-SDK/InMobi (= 3.8.1)
    - CleverAdsSolutions-SDK/IronSource (= 3.8.1)
    - CleverAdsSolutions-SDK/Kidoz (= 3.8.1)
    - CleverAdsSolutions-SDK/LiftoffMonetize (= 3.8.1)
    - CleverAdsSolutions-SDK/Mintegral (= 3.8.1)
    - CleverAdsSolutions-SDK/SuperAwesome (= 3.8.1)
    - CleverAdsSolutions-SDK/UnityAds (= 3.8.1)
    - CleverAdsSolutions-SDK/YandexAds (= 3.8.1)
  - CleverAdsSolutions-SDK/GoogleAds (3.8.1):
    - CleverAdsSolutions-SDK/IronSource (= 3.8.1)
    - Google-Mobile-Ads-SDK (= 11.5.0)
  - CleverAdsSolutions-SDK/InMobi (3.8.1):
    - CleverAdsSolutions-Base
    - InMobiSDK (= 10.7.2)
  - CleverAdsSolutions-SDK/IronSource (3.8.1):
    - CleverAdsSolutions-Base
    - IronSourceSDK (= 8.1.1.0)
  - CleverAdsSolutions-SDK/Kidoz (3.8.1):
    - CleverAdsSolutions-Base
    - KidozSDK (= 9.1.3)
  - CleverAdsSolutions-SDK/LiftoffMonetize (3.8.1):
    - CleverAdsSolutions-Base
    - VungleAds (= 7.3.2)
  - CleverAdsSolutions-SDK/Mintegral (3.8.1):
    - CleverAdsSolutions-Base
    - MintegralAdSDK (= 7.6.7)
  - CleverAdsSolutions-SDK/SuperAwesome (3.8.1):
    - CleverAdsSolutions-Base
    - SuperAwesome (= 9.3.5)
  - CleverAdsSolutions-SDK/UnityAds (3.8.1):
    - CleverAdsSolutions-SDK/IronSource (= 3.8.1)
    - UnityAds (= 4.12.0)
  - CleverAdsSolutions-SDK/YandexAds (3.8.1):
    - CleverAdsSolutions-Base
    - YandexMobileAds (= 7.1.0)
  - DivKit (30.7.0):
    - DivKit_LayoutKit (= 30.7.0)
    - DivKit_Serialization (= 30.7.0)
    - VGSLCommonCore (~> 5.1)
    - VGSLNetworking (~> 5.1)
  - DivKit_LayoutKit (30.7.0):
    - DivKit_LayoutKitInterface (= 30.7.0)
    - VGSLCommonCore (~> 5.1)
    - VGSLNetworking (~> 5.1)
  - DivKit_LayoutKitInterface (30.7.0):
    - VGSLBase (~> 5.1)
    - VGSLBaseTiny (~> 5.1)
    - VGSLBaseUI (~> 5.1)
  - DivKit_Serialization (30.7.0):
    - VGSLCommonCore (~> 5.1)
  - Flutter (1.0.0)
  - Fyber_Marketplace_SDK (8.3.0)
  - Google-Mobile-Ads-SDK (11.5.0):
    - GoogleUserMessagingPlatform (>= 1.1)
  - GoogleUserMessagingPlatform (2.5.0)
  - InMobiSDK (10.7.2)
  - IronSourceSDK (8.1.1.0)
  - KidozSDK (9.1.3)
  - KSCrash/Recording (1.17.4):
    - KSCrash/Recording/Tools (= 1.17.4)
  - KSCrash/Recording/Tools (1.17.4)
  - MintegralAdSDK (7.6.7):
    - MintegralAdSDK/BannerAd (= 7.6.7)
    - MintegralAdSDK/BidBannerAd (= 7.6.7)
    - MintegralAdSDK/BidInterstitialVideoAd (= 7.6.7)
    - MintegralAdSDK/BidNativeAd (= 7.6.7)
    - MintegralAdSDK/BidNewInterstitialAd (= 7.6.7)
    - MintegralAdSDK/BidRewardVideoAd (= 7.6.7)
    - MintegralAdSDK/InterstitialVideoAd (= 7.6.7)
    - MintegralAdSDK/NativeAd (= 7.6.7)
    - MintegralAdSDK/NewInterstitialAd (= 7.6.7)
    - MintegralAdSDK/RewardVideoAd (= 7.6.7)
  - MintegralAdSDK/BannerAd (7.6.7):
    - MintegralAdSDK/NativeAd
  - MintegralAdSDK/BidBannerAd (7.6.7):
    - MintegralAdSDK/BannerAd
    - MintegralAdSDK/BidNativeAd
  - MintegralAdSDK/BidInterstitialVideoAd (7.6.7):
    - MintegralAdSDK/BidNativeAd
    - MintegralAdSDK/InterstitialVideoAd
  - MintegralAdSDK/BidNativeAd (7.6.7):
    - MintegralAdSDK/NativeAd
  - MintegralAdSDK/BidNewInterstitialAd (7.6.7):
    - MintegralAdSDK/BidNativeAd
    - MintegralAdSDK/NewInterstitialAd
  - MintegralAdSDK/BidRewardVideoAd (7.6.7):
    - MintegralAdSDK/BidNativeAd
    - MintegralAdSDK/RewardVideoAd
  - MintegralAdSDK/InterstitialVideoAd (7.6.7):
    - MintegralAdSDK/NativeAd
  - MintegralAdSDK/NativeAd (7.6.7)
  - MintegralAdSDK/NewInterstitialAd (7.6.7):
    - MintegralAdSDK/InterstitialVideoAd
    - MintegralAdSDK/NativeAd
  - MintegralAdSDK/RewardVideoAd (7.6.7):
    - MintegralAdSDK/NativeAd
  - Moya (14.0.0):
    - Moya/Core (= 14.0.0)
  - Moya/Core (14.0.0):
    - Alamofire (~> 5.0)
  - package_info_plus (0.4.5):
    - Flutter
  - SuperAwesome (9.3.5):
    - Moya (~> 14.0)
    - SwiftyXMLParser (= 5.6.0)
  - SwiftyXMLParser (5.6.0)
  - UnityAds (4.12.0)
  - VGSL_Fundamentals (5.1.1):
    - VGSL_Fundamentals_Tiny (= 5.1.1)
  - VGSL_Fundamentals_Tiny (5.1.1)
  - VGSLBase (5.1.1):
    - VGSL_Fundamentals (= 5.1.1)
    - VGSLBaseTiny (= 5.1.1)
    - VGSLBaseUI (= 5.1.1)
  - VGSLBaseTiny (5.1.1):
    - VGSL_Fundamentals_Tiny (= 5.1.1)
  - VGSLBaseUI (5.1.1):
    - VGSLBaseTiny (= 5.1.1)
  - VGSLCommonCore (5.1.1):
    - VGSLBase (= 5.1.1)
  - VGSLNetworking (5.1.1):
    - VGSLBase (= 5.1.1)
  - VungleAds (7.3.2)
  - YandexMobileAds (7.1.0):
    - AppMetricaCore (< 6.0.0, >= 5.0.0)
    - AppMetricaCrashes (< 6.0.0, >= 5.0.0)
    - DivKit (~> 30.2)

DEPENDENCIES:
  - clever_ads_solutions (from `.symlinks/plugins/clever_ads_solutions/ios`)
  - CleverAdsSolutions-SDK/Families (~> 3.8.1)
  - Flutter (from `Flutter`)
  - package_info_plus (from `.symlinks/plugins/package_info_plus/ios`)

SPEC REPOS:
  https://github.com/cleveradssolutions/CAS-Specs.git:
    - CleverAdsSolutions-Base
    - CleverAdsSolutions-SDK
  trunk:
    - Alamofire
    - AppMetricaCore
    - AppMetricaCoreExtension
    - AppMetricaCoreUtils
    - AppMetricaCrashes
    - AppMetricaEncodingUtils
    - AppMetricaFMDB
    - AppMetricaHostState
    - AppMetricaLog
    - AppMetricaNetwork
    - AppMetricaPlatform
    - AppMetricaProtobuf
    - AppMetricaProtobufUtils
    - AppMetricaStorageUtils
    - ChartboostSDK
    - DivKit
    - DivKit_LayoutKit
    - DivKit_LayoutKitInterface
    - DivKit_Serialization
    - Fyber_Marketplace_SDK
    - Google-Mobile-Ads-SDK
    - GoogleUserMessagingPlatform
    - InMobiSDK
    - IronSourceSDK
    - KidozSDK
    - KSCrash
    - MintegralAdSDK
    - Moya
    - SuperAwesome
    - SwiftyXMLParser
    - UnityAds
    - VGSL_Fundamentals
    - VGSL_Fundamentals_Tiny
    - VGSLBase
    - VGSLBaseTiny
    - VGSLBaseUI
    - VGSLCommonCore
    - VGSLNetworking
    - VungleAds
    - YandexMobileAds

EXTERNAL SOURCES:
  clever_ads_solutions:
    :path: ".symlinks/plugins/clever_ads_solutions/ios"
  Flutter:
    :path: Flutter
  package_info_plus:
    :path: ".symlinks/plugins/package_info_plus/ios"

SPEC CHECKSUMS:
  Alamofire: f36a35757af4587d8e4f4bfa223ad10be2422b8c
  AppMetricaCore: ab504a62db40fb388080a8eff69f1dc91d8d84d1
  AppMetricaCoreExtension: 07f8436f4a2a9abd64f8ac09dd3304d810886ebd
  AppMetricaCoreUtils: 85df2c9a765d68ec7655a80feb84c8cf21ed3674
  AppMetricaCrashes: 4637f2f85adc71e0a096b753b7f9d1d1761b3ad2
  AppMetricaEncodingUtils: d769d76639960c4f495067b1f68c8874186ed96d
  AppMetricaFMDB: cafb143a494738be6cbd767d703b376ffbeb5c92
  AppMetricaHostState: 68d333f2ae460a117e498b09120fdcee708ac240
  AppMetricaLog: 319461a3fcd77332024311e109c82ce32fac4e38
  AppMetricaNetwork: 7a592d9b5ba4a2973d7219b8c933ba744847172a
  AppMetricaPlatform: c1fa9e83be342d2f173d878da99996d9e06f34b3
  AppMetricaProtobuf: 2ec9b9fb300c7b06406858f1d4d53301ed65a3ea
  AppMetricaProtobufUtils: c87c770b2f42b24d88f6cbeeca85d5431190d233
  AppMetricaStorageUtils: 3ae99b72caa97624177bc7b223b593bc6e6d3956
  ChartboostSDK: 0cd093c90a5a21c89783fe5be486e511fb2dbfc8
  clever_ads_solutions: 1b41e746714cab5c05c5f257373827e6b87a1de3
  CleverAdsSolutions-Base: 45f7ab8535cf72a04738742f879d42885094caac
  CleverAdsSolutions-SDK: a07f9fd49ea638d47abbb0ddb7f5978e003fb2f6
  DivKit: 46401a7197b803cfed0bb0024cbecc66128747a6
  DivKit_LayoutKit: 0c2386d391c8619dc88ef9b503cad55523471fb6
  DivKit_LayoutKitInterface: 168b581b30f944600e71bc4ef691063bec3bcb87
  DivKit_Serialization: 842a961a2997fa1fbf0b5f06981f64b1a7b6c161
  Flutter: e0871f40cf51350855a761d2e70bf5af5b9b5de7
  Fyber_Marketplace_SDK: 0858c7e6d9ee6b07d3cfc4687db43baa2eb1132e
  Google-Mobile-Ads-SDK: 7db2098033ad3bfcd72a11e7503b49700a93029e
  GoogleUserMessagingPlatform: 6b4f48a370e77ce121d034c908cc6ee4fdafaf13
  InMobiSDK: 5882da6b575abf138a586f920bb4c7cafde7a529
  IronSourceSDK: f44778e8b9b76b33130b4cbc11e722ff1c7d1813
  KidozSDK: d752629d8611ad7bd207616bb502da641a7eb8dc
  KSCrash: 158a0998f08ae7d4e54ef8a2da62d6e08b46d03a
  MintegralAdSDK: a981c516a524fd0da976b2bdd7b2b8e32fa55502
  Moya: 5b45dacb75adb009f97fde91c204c1e565d31916
  package_info_plus: 115f4ad11e0698c8c1c5d8a689390df880f47e85
  SuperAwesome: 05400f0a591a08df5bb487ff7a8ff73b3037bb2a
  SwiftyXMLParser: 9b98995235961881322015ebe38d1f3d7c953bd7
  UnityAds: 1e669f1d49924fbdbd54544afa9294b567354509
  VGSL_Fundamentals: 4d880dbd63c6da3b04e5d9a882969d4f4d2648eb
  VGSL_Fundamentals_Tiny: 0e181e4c84b74190cb1e1f85b98dea6cb78eb994
  VGSLBase: 1f1a9d7180485ffedf8ee53074c321afbad002be
  VGSLBaseTiny: bf9f20a026fb1144e93aa78bf3fbaec35daed5a6
  VGSLBaseUI: 800b696bf41762a385a2849df93a94d71bf16b2d
  VGSLCommonCore: ea4898715094fae93591278c6c72a8c0269d1a6d
  VGSLNetworking: ef40c15438abfffe96680deac20cdd66327ffdd6
  VungleAds: 0d696ed96dd7d715a9432997356d59b2e3b58882
  YandexMobileAds: 31b2f9c3a08e48e696c1ffe3c8f7b422bfd563d7

PODFILE CHECKSUM: e4bf23af535d19df2dc550fa5609ad21288f4e3e

COCOAPODS: 1.15.2
